
Microsoft Visual Studio Solution File, Format Version 12.00
# Visual Studio Version 16
VisualStudioVersion = 16.0.31025.194
MinimumVisualStudioVersion = 10.0.40219.1
Project("{FAE04EC0-301F-11D3-BF4B-00C04F79EFBC}") = "Breakout Game", "Breakout Game\Breakout Game.csproj", "{B1DA16AB-F5D2-4276-80D1-530232A66570}"
EndProject
Global
	GlobalSection(SolutionConfigurationPlatforms) = preSolution
		Debug|Any CPU = Debug|Any CPU
		Release|Any CPU = Release|Any CPU
	EndGlobalSection
	GlobalSection(ProjectConfigurationPlatforms) = postSolution
		{B1DA16AB-F5D2-4276-80D1-530232A66570}.Debug|Any CPU.ActiveCfg = Debug|Any CPU
		{B1DA16AB-F5D2-4276-80D1-530232A66570}.Debug|Any CPU.Build.0 = Debug|Any CPU
		{B1DA16AB-F5D2-4276-80D1-530232A66570}.Release|Any CPU.ActiveCfg = Release|Any CPU
		{B1DA16AB-F5D2-4276-80D1-530232A66570}.Release|Any CPU.Build.0 = Release|Any CPU
	EndGlobalSection
	GlobalSection(SolutionProperties) = preSolution
		HideSolutionNode = FALSE
	EndGlobalSection
	GlobalSection(ExtensibilityGlobals) = postSolution
		SolutionGuid = {7102D966-8E13-4D5E-A18D-7459EC340B5A}
	EndGlobalSection
EndGlobal
